
Microsoft Visual Studio Solution File, Format Version 12.00
# Visual Studio Version 16
VisualStudioVersion = 16.0.31410.357
MinimumVisualStudioVersion = 10.0.40219.1
Project("{FAE04EC0-301F-11D3-BF4B-00C04F79EFBC}") = "MVC_Group", "MVC_Group\MVC_Group.csproj", "{AE1F1F8A-4127-493C-A267-B3403B374165}"
EndProject
Global
	GlobalSection(SolutionConfigurationPlatforms) = preSolution
		Debug|Any CPU = Debug|Any CPU
		Release|Any CPU = Release|Any CPU
	EndGlobalSection
	GlobalSection(ProjectConfigurationPlatforms) = postSolution
		{AE1F1F8A-4127-493C-A267-B3403B374165}.Debug|Any CPU.ActiveCfg = Debug|Any CPU
		{AE1F1F8A-4127-493C-A267-B3403B374165}.Debug|Any CPU.Build.0 = Debug|Any CPU
		{AE1F1F8A-4127-493C-A267-B3403B374165}.Release|Any CPU.ActiveCfg = Release|Any CPU
		{AE1F1F8A-4127-493C-A267-B3403B374165}.Release|Any CPU.Build.0 = Release|Any CPU
	EndGlobalSection
	GlobalSection(SolutionProperties) = preSolution
		HideSolutionNode = FALSE
	EndGlobalSection
	GlobalSection(ExtensibilityGlobals) = postSolution
		SolutionGuid = {53AED6D7-0E19-4B95-B679-EC7F34C82B01}
	EndGlobalSection
EndGlobal
